{
  "name": "portfolio",
  "version": "0.1.0.0",
  "lockfileVersion": 2,
  "requires": true,
  "packages": {
    "": {
      "name": "portfolio",
      "version": "0.1.0.0",
      "dependencies": {
        "@fortawesome/fontawesome-free": "^6.4.2",
        "bulma": "^0.9.4"
      }
    },
    "node_modules/@fortawesome/fontawesome-free": {
      "version": "6.4.2",
      "resolved": "https://registry.npmjs.org/@fortawesome/fontawesome-free/-/fontawesome-free-6.4.2.tgz",
      "integrity": "sha512-m5cPn3e2+FDCOgi1mz0RexTUvvQibBebOUlUlW0+YrMjDTPkiJ6VTKukA1GRsvRw+12KyJndNjj0O4AgTxm2Pg==",
      "hasInstallScript": true,
      "engines": {
        "node": ">=6"
      }
    },
    "node_modules/bulma": {
      "version": "0.9.4",
      "resolved": "https://registry.npmjs.org/bulma/-/bulma-0.9.4.tgz",
      "integrity": "sha512-86FlT5+1GrsgKbPLRRY7cGDg8fsJiP/jzTqXXVqiUZZ2aZT8uemEOHlU1CDU+TxklPEZ11HZNNWclRBBecP4CQ=="
    }
  },
  "dependencies": {
    "@fortawesome/fontawesome-free": {
      "version": "6.4.2",
      "resolved": "https://registry.npmjs.org/@fortawesome/fontawesome-free/-/fontawesome-free-6.4.2.tgz",
      "integrity": "sha512-m5cPn3e2+FDCOgi1mz0RexTUvvQibBebOUlUlW0+YrMjDTPkiJ6VTKukA1GRsvRw+12KyJndNjj0O4AgTxm2Pg=="
    },
    "bulma": {
      "version": "0.9.4",
      "resolved": "https://registry.npmjs.org/bulma/-/bulma-0.9.4.tgz",
      "integrity": "sha512-86FlT5+1GrsgKbPLRRY7cGDg8fsJiP/jzTqXXVqiUZZ2aZT8uemEOHlU1CDU+TxklPEZ11HZNNWclRBBecP4CQ=="
    }
  }
}
