# This file was autogenerated by Stack.
# You should not edit this file by hand.
# For more information, please see the documentation at:
#   https://docs.haskellstack.org/en/stable/lock_files

packages:
- completed:
    hackage: hakyll-4.13.3.0@sha256:7d8903f03974691aec049a6188ace8d93457563bad9f078c6faf4c9156e27a33,8867
    pantry-tree:
      size: 7841
      sha256: bdbacc241f680dd0c8d7666c9ec4e7d230dad85172067e106cc35f7c125cd7ab
  original:
    hackage: hakyll-4.13.3.0
- completed:
    hackage: lucid-2.9.12@sha256:096395b2f434dbe1b10652c05ad8ebe245663dcec665aba474dd2a66cb841cb8,2887
    pantry-tree:
      size: 779
      sha256: acc60fda3ca44528739ca12ab0280c64d182daccf8dc0ac1453c51760cdb7863
  original:
    hackage: lucid-2.9.12
- completed:
    hackage: optparse-applicative-0.15.1.0@sha256:29ff6146aabf54d46c4c8788e8d1eadaea27c94f6d360c690c5f6c93dac4b07e,4810
    pantry-tree:
      size: 2904
      sha256: 04ad3816bc580cbe0834d3d1f4729ddd386abfe31b43e5b14968885f636d1b0d
  original:
    hackage: optparse-applicative-0.15.1.0
snapshots:
- completed:
    size: 523340
    url: https://raw.githubusercontent.com/commercialhaskell/stackage-snapshots/master/nightly/2020/5/12.yaml
    sha256: 81f68a93699855cf96115756e8fbc26f6053a1a55b7545d80138415ab348ba27
  original: nightly-2020-05-12
