# This file was autogenerated by Stack.
# You should not edit this file by hand.
# For more information, please see the documentation at:
#   https://docs.haskellstack.org/en/stable/lock_files

packages:
- completed:
    hackage: hakyll-4.12.4.0@sha256:1d6f4aec7e2f230a3f631476b8cdbe54345b5c67108759f4ee85d812ed1e18ef,8644
    pantry-tree:
      size: 7562
      sha256: 8d68d61656f1c42307509abde3e335b0e69771b0c3a9842e03eafd6b7e2a2ca9
  original:
    hackage: hakyll-4.12.4.0
snapshots:
- completed:
    size: 509471
    url: https://raw.githubusercontent.com/commercialhaskell/stackage-snapshots/master/lts/12/26.yaml
    sha256: 95f014df58d0679b1c4a2b7bf2b652b61da8d30de5f571abb0d59015ef678646
  original: lts-12.26
