# This file was autogenerated by Stack.
# You should not edit this file by hand.
# For more information, please see the documentation at:
#   https://docs.haskellstack.org/en/stable/lock_files

packages:
- completed:
    hackage: hakyll-4.16.0.0@sha256:68426098d96f8bd17216c0f53a34856dc0e6386c7405f38afbd891f3fa878ed3,10198
    pantry-tree:
      sha256: 59ace0aab85d131b505ad85eab16d532a99cdd041b2328c28a153921768340aa
      size: 9052
  original:
    hackage: hakyll-4.16.0.0
- completed:
    hackage: lucid-2.11.20230408@sha256:a8bbc65cd2b77e37140f8a89112e250a254591a8a341dc0cbb7db9db71686017,3046
    pantry-tree:
      sha256: 42280d6e5ea91134cbb917d262af9f8af1739812f887e6701eeda3d06ccd6202
      size: 779
  original:
    hackage: lucid-2.11.20230408
- completed:
    hackage: hakyll-sass-0.2.4@sha256:4d2fbd8b63f5ef15483fc6dda09e10eefd63b4f873ad38dec2a3607eb504a8ba,939
    pantry-tree:
      sha256: c03e74e71d010f009b8d972efc31fbd6dd25183e6d9afbec55f4b7f0d4a74b47
      size: 217
  original:
    hackage: hakyll-sass-0.2.4
snapshots:
- completed:
    sha256: afd5ba64ab602cabc2d3942d3d7e7dd6311bc626dcb415b901eaf576cb62f0ea
    size: 640060
    url: https://raw.githubusercontent.com/commercialhaskell/stackage-snapshots/master/lts/21/22.yaml
  original: lts-21.22
